// !$*UTF8*$!
{
	archiveVersion = 1;
	classes = {
	};
	objectVersion = 55;
	objects = {

/* Begin PBXBuildFile section */
		D3328ADC2885EF9B002E3859 /* AddedDate.swift in Sources */ = {isa = PBXBuildFile; fileRef = D3328ADB2885EF9B002E3859 /* AddedDate.swift */; };
		D3328ADE2885EFF2002E3859 /* JournalView.swift in Sources */ = {isa = PBXBuildFile; fileRef = D3328ADD2885EFF2002E3859 /* JournalView.swift */; };
		D3328AE12885F1AB002E3859 /* WateringViewModel.swift in Sources */ = {isa = PBXBuildFile; fileRef = D3328AE02885F1AB002E3859 /* WateringViewModel.swift */; };
		D3328AE32885F676002E3859 /* FertilizeViewModel.swift in Sources */ = {isa = PBXBuildFile; fileRef = D3328AE22885F676002E3859 /* FertilizeViewModel.swift */; };
		D3328AE52885F750002E3859 /* AddedDateViewModel.swift in Sources */ = {isa = PBXBuildFile; fileRef = D3328AE42885F750002E3859 /* AddedDateViewModel.swift */; };
		D3328AE72885FAC3002E3859 /* NoteViewModel.swift in Sources */ = {isa = PBXBuildFile; fileRef = D3328AE62885FAC3002E3859 /* NoteViewModel.swift */; };
		D3328AE928863CE5002E3859 /* JournalTabBar.swift in Sources */ = {isa = PBXBuildFile; fileRef = D3328AE828863CE5002E3859 /* JournalTabBar.swift */; };
		D3328AEB28866F84002E3859 /* JournalViewModel.swift in Sources */ = {isa = PBXBuildFile; fileRef = D3328AEA28866F84002E3859 /* JournalViewModel.swift */; };
		D344932A2889D919000C19F2 /* ImagePicker.swift in Sources */ = {isa = PBXBuildFile; fileRef = D34493292889D919000C19F2 /* ImagePicker.swift */; };
		D3451BAA2887885100FA00CE /* InspirationView.swift in Sources */ = {isa = PBXBuildFile; fileRef = D3451BA92887885100FA00CE /* InspirationView.swift */; };
		D349563B2880FB9E0022D7DD /* InfoView.swift in Sources */ = {isa = PBXBuildFile; fileRef = D349563A2880FB9E0022D7DD /* InfoView.swift */; };
		D3537E6828820BBC00D64270 /* Date+Ext.swift in Sources */ = {isa = PBXBuildFile; fileRef = D3537E6728820BBC00D64270 /* Date+Ext.swift */; };
		D3537E7028825C6500D64270 /* TabBar.swift in Sources */ = {isa = PBXBuildFile; fileRef = D3537E6F28825C6500D64270 /* TabBar.swift */; };
		D3537E722882875300D64270 /* ContentView.swift in Sources */ = {isa = PBXBuildFile; fileRef = D3537E712882875300D64270 /* ContentView.swift */; };
		D35C909C2884776800587FE8 /* Journal.swift in Sources */ = {isa = PBXBuildFile; fileRef = D35C909B2884776800587FE8 /* Journal.swift */; };
		D35C909E2884785000587FE8 /* Watering.swift in Sources */ = {isa = PBXBuildFile; fileRef = D35C909D2884785000587FE8 /* Watering.swift */; };
		D35C90A02884789A00587FE8 /* Fertilize.swift in Sources */ = {isa = PBXBuildFile; fileRef = D35C909F2884789A00587FE8 /* Fertilize.swift */; };
		D35C90A2288478CF00587FE8 /* Note.swift in Sources */ = {isa = PBXBuildFile; fileRef = D35C90A1288478CF00587FE8 /* Note.swift */; };
		D35C90A42884CD9B00587FE8 /* FloatingMenu.swift in Sources */ = {isa = PBXBuildFile; fileRef = D35C90A32884CD9B00587FE8 /* FloatingMenu.swift */; };
		D35C90A62884D78700587FE8 /* WaterDrop.swift in Sources */ = {isa = PBXBuildFile; fileRef = D35C90A52884D78700587FE8 /* WaterDrop.swift */; };
		D35C90A82884DCFE00587FE8 /* Sunshine.swift in Sources */ = {isa = PBXBuildFile; fileRef = D35C90A72884DCFE00587FE8 /* Sunshine.swift */; };
		D35CA083288878DD00D9FDF2 /* PlantController.swift in Sources */ = {isa = PBXBuildFile; fileRef = D35CA082288878DD00D9FDF2 /* PlantController.swift */; };
		D35CA0852888BDEB00D9FDF2 /* Toxicity.swift in Sources */ = {isa = PBXBuildFile; fileRef = D35CA0842888BDEB00D9FDF2 /* Toxicity.swift */; };
		D3A6B96B287CADE500B105E7 /* PlantCareApp.swift in Sources */ = {isa = PBXBuildFile; fileRef = D3A6B96A287CADE500B105E7 /* PlantCareApp.swift */; };
		D3A6B96D287CADE500B105E7 /* MyCollectionListView.swift in Sources */ = {isa = PBXBuildFile; fileRef = D3A6B96C287CADE500B105E7 /* MyCollectionListView.swift */; };
		D3A6B96F287CADE700B105E7 /* Assets.xcassets in Resources */ = {isa = PBXBuildFile; fileRef = D3A6B96E287CADE700B105E7 /* Assets.xcassets */; };
		D3A6B972287CADE700B105E7 /* Preview Assets.xcassets in Resources */ = {isa = PBXBuildFile; fileRef = D3A6B971287CADE700B105E7 /* Preview Assets.xcassets */; };
		D3A6B97C287CAE4200B105E7 /* SplashPage.swift in Sources */ = {isa = PBXBuildFile; fileRef = D3A6B97B287CAE4200B105E7 /* SplashPage.swift */; };
		D3A6B9B9287E0BB000B105E7 /* MyCollectionViewModel.swift in Sources */ = {isa = PBXBuildFile; fileRef = D3A6B9B8287E0BB000B105E7 /* MyCollectionViewModel.swift */; };
		D3A6B9C0287E4FF400B105E7 /* Plant.swift in Sources */ = {isa = PBXBuildFile; fileRef = D3A6B9BF287E4FF400B105E7 /* Plant.swift */; };
		D3A6B9C3287E661D00B105E7 /* StaticPlantListView.swift in Sources */ = {isa = PBXBuildFile; fileRef = D3A6B9C2287E661D00B105E7 /* StaticPlantListView.swift */; };
		D3A6B9C7287E676600B105E7 /* StaticPlantDetailView.swift in Sources */ = {isa = PBXBuildFile; fileRef = D3A6B9C6287E676600B105E7 /* StaticPlantDetailView.swift */; };
		D3A6B9D1287F945400B105E7 /* MyCollectionDetailView.swift in Sources */ = {isa = PBXBuildFile; fileRef = D3A6B9D0287F945400B105E7 /* MyCollectionDetailView.swift */; };
/* End PBXBuildFile section */

/* Begin PBXFileReference section */
		D3328ADB2885EF9B002E3859 /* AddedDate.swift */ = {isa = PBXFileReference; lastKnownFileType = sourcecode.swift; path = AddedDate.swift; sourceTree = "<group>"; };
		D3328ADD2885EFF2002E3859 /* JournalView.swift */ = {isa = PBXFileReference; lastKnownFileType = sourcecode.swift; path = JournalView.swift; sourceTree = "<group>"; };
		D3328AE02885F1AB002E3859 /* WateringViewModel.swift */ = {isa = PBXFileReference; lastKnownFileType = sourcecode.swift; path = WateringViewModel.swift; sourceTree = "<group>"; };
		D3328AE22885F676002E3859 /* FertilizeViewModel.swift */ = {isa = PBXFileReference; lastKnownFileType = sourcecode.swift; path = FertilizeViewModel.swift; sourceTree = "<group>"; };
		D3328AE42885F750002E3859 /* AddedDateViewModel.swift */ = {isa = PBXFileReference; lastKnownFileType = sourcecode.swift; path = AddedDateViewModel.swift; sourceTree = "<group>"; };
		D3328AE62885FAC3002E3859 /* NoteViewModel.swift */ = {isa = PBXFileReference; lastKnownFileType = sourcecode.swift; path = NoteViewModel.swift; sourceTree = "<group>"; };
		D3328AE828863CE5002E3859 /* JournalTabBar.swift */ = {isa = PBXFileReference; lastKnownFileType = sourcecode.swift; path = JournalTabBar.swift; sourceTree = "<group>"; };
		D3328AEA28866F84002E3859 /* JournalViewModel.swift */ = {isa = PBXFileReference; lastKnownFileType = sourcecode.swift; path = JournalViewModel.swift; sourceTree = "<group>"; };
		D34493292889D919000C19F2 /* ImagePicker.swift */ = {isa = PBXFileReference; lastKnownFileType = sourcecode.swift; path = ImagePicker.swift; sourceTree = "<group>"; };
		D3451BA92887885100FA00CE /* InspirationView.swift */ = {isa = PBXFileReference; lastKnownFileType = sourcecode.swift; path = InspirationView.swift; sourceTree = "<group>"; };
		D349563A2880FB9E0022D7DD /* InfoView.swift */ = {isa = PBXFileReference; lastKnownFileType = sourcecode.swift; path = InfoView.swift; sourceTree = "<group>"; };
		D3537E6728820BBC00D64270 /* Date+Ext.swift */ = {isa = PBXFileReference; lastKnownFileType = sourcecode.swift; path = "Date+Ext.swift"; sourceTree = "<group>"; };
		D3537E6F28825C6500D64270 /* TabBar.swift */ = {isa = PBXFileReference; lastKnownFileType = sourcecode.swift; path = TabBar.swift; sourceTree = "<group>"; };
		D3537E712882875300D64270 /* ContentView.swift */ = {isa = PBXFileReference; lastKnownFileType = sourcecode.swift; path = ContentView.swift; sourceTree = "<group>"; };
		D35C909B2884776800587FE8 /* Journal.swift */ = {isa = PBXFileReference; lastKnownFileType = sourcecode.swift; path = Journal.swift; sourceTree = "<group>"; };
		D35C909D2884785000587FE8 /* Watering.swift */ = {isa = PBXFileReference; lastKnownFileType = sourcecode.swift; path = Watering.swift; sourceTree = "<group>"; };
		D35C909F2884789A00587FE8 /* Fertilize.swift */ = {isa = PBXFileReference; lastKnownFileType = sourcecode.swift; path = Fertilize.swift; sourceTree = "<group>"; };
		D35C90A1288478CF00587FE8 /* Note.swift */ = {isa = PBXFileReference; lastKnownFileType = sourcecode.swift; path = Note.swift; sourceTree = "<group>"; };
		D35C90A32884CD9B00587FE8 /* FloatingMenu.swift */ = {isa = PBXFileReference; lastKnownFileType = sourcecode.swift; path = FloatingMenu.swift; sourceTree = "<group>"; };
		D35C90A52884D78700587FE8 /* WaterDrop.swift */ = {isa = PBXFileReference; lastKnownFileType = sourcecode.swift; path = WaterDrop.swift; sourceTree = "<group>"; };
		D35C90A72884DCFE00587FE8 /* Sunshine.swift */ = {isa = PBXFileReference; lastKnownFileType = sourcecode.swift; path = Sunshine.swift; sourceTree = "<group>"; };
		D35CA082288878DD00D9FDF2 /* PlantController.swift */ = {isa = PBXFileReference; lastKnownFileType = sourcecode.swift; path = PlantController.swift; sourceTree = "<group>"; };
		D35CA0842888BDEB00D9FDF2 /* Toxicity.swift */ = {isa = PBXFileReference; lastKnownFileType = sourcecode.swift; path = Toxicity.swift; sourceTree = "<group>"; };
		D3A6B967287CADE500B105E7 /* PlantCare.app */ = {isa = PBXFileReference; explicitFileType = wrapper.application; includeInIndex = 0; path = PlantCare.app; sourceTree = BUILT_PRODUCTS_DIR; };
		D3A6B96A287CADE500B105E7 /* PlantCareApp.swift */ = {isa = PBXFileReference; lastKnownFileType = sourcecode.swift; path = PlantCareApp.swift; sourceTree = "<group>"; };
		D3A6B96C287CADE500B105E7 /* MyCollectionListView.swift */ = {isa = PBXFileReference; lastKnownFileType = sourcecode.swift; path = MyCollectionListView.swift; sourceTree = "<group>"; };
		D3A6B96E287CADE700B105E7 /* Assets.xcassets */ = {isa = PBXFileReference; lastKnownFileType = folder.assetcatalog; path = Assets.xcassets; sourceTree = "<group>"; };
		D3A6B971287CADE700B105E7 /* Preview Assets.xcassets */ = {isa = PBXFileReference; lastKnownFileType = folder.assetcatalog; path = "Preview Assets.xcassets"; sourceTree = "<group>"; };
		D3A6B97B287CAE4200B105E7 /* SplashPage.swift */ = {isa = PBXFileReference; lastKnownFileType = sourcecode.swift; path = SplashPage.swift; sourceTree = "<group>"; };
		D3A6B9B8287E0BB000B105E7 /* MyCollectionViewModel.swift */ = {isa = PBXFileReference; lastKnownFileType = sourcecode.swift; path = MyCollectionViewModel.swift; sourceTree = "<group>"; };
		D3A6B9BA287E19FA00B105E7 /* Info.plist */ = {isa = PBXFileReference; lastKnownFileType = text.plist.xml; path = Info.plist; sourceTree = "<group>"; };
		D3A6B9BF287E4FF400B105E7 /* Plant.swift */ = {isa = PBXFileReference; lastKnownFileType = sourcecode.swift; path = Plant.swift; sourceTree = "<group>"; };
		D3A6B9C2287E661D00B105E7 /* StaticPlantListView.swift */ = {isa = PBXFileReference; lastKnownFileType = sourcecode.swift; path = StaticPlantListView.swift; sourceTree = "<group>"; };
		D3A6B9C6287E676600B105E7 /* StaticPlantDetailView.swift */ = {isa = PBXFileReference; lastKnownFileType = sourcecode.swift; path = StaticPlantDetailView.swift; sourceTree = "<group>"; };
		D3A6B9D0287F945400B105E7 /* MyCollectionDetailView.swift */ = {isa = PBXFileReference; lastKnownFileType = sourcecode.swift; path = MyCollectionDetailView.swift; sourceTree = "<group>"; };
/* End PBXFileReference section */

/* Begin PBXFrameworksBuildPhase section */
		D3A6B964287CADE500B105E7 /* Frameworks */ = {
			isa = PBXFrameworksBuildPhase;
			buildActionMask = 2147483647;
			files = (
			);
			runOnlyForDeploymentPostprocessing = 0;
		};
/* End PBXFrameworksBuildPhase section */

/* Begin PBXGroup section */
		D3328ADF2885F17F002E3859 /* Journal */ = {
			isa = PBXGroup;
			children = (
				D3328ADD2885EFF2002E3859 /* JournalView.swift */,
				D3328AE02885F1AB002E3859 /* WateringViewModel.swift */,
				D3328AE62885FAC3002E3859 /* NoteViewModel.swift */,
				D3328AE22885F676002E3859 /* FertilizeViewModel.swift */,
				D3328AE42885F750002E3859 /* AddedDateViewModel.swift */,
				D3328AEA28866F84002E3859 /* JournalViewModel.swift */,
			);
			path = Journal;
			sourceTree = "<group>";
		};
		D3328AEC28867B5A002E3859 /* HelperViews */ = {
			isa = PBXGroup;
			children = (
				D3537E6F28825C6500D64270 /* TabBar.swift */,
				D3328AE828863CE5002E3859 /* JournalTabBar.swift */,
				D3537E712882875300D64270 /* ContentView.swift */,
				D35C90A32884CD9B00587FE8 /* FloatingMenu.swift */,
				D35C90A52884D78700587FE8 /* WaterDrop.swift */,
				D3A6B97B287CAE4200B105E7 /* SplashPage.swift */,
				D34493292889D919000C19F2 /* ImagePicker.swift */,
				D35C90A72884DCFE00587FE8 /* Sunshine.swift */,
				D35CA0842888BDEB00D9FDF2 /* Toxicity.swift */,
			);
			path = HelperViews;
			sourceTree = "<group>";
		};
		D3451BA82887881D00FA00CE /* InspirationView */ = {
			isa = PBXGroup;
			children = (
				D3451BA92887885100FA00CE /* InspirationView.swift */,
			);
			path = InspirationView;
			sourceTree = "<group>";
		};
		D34956382880EB870022D7DD /* StaticPlant */ = {
			isa = PBXGroup;
			children = (
				D34956392880EBA80022D7DD /* Models */,
				D3A6B9C1287E65E800B105E7 /* StaticPlantListViews */,
			);
			path = StaticPlant;
			sourceTree = "<group>";
		};
		D34956392880EBA80022D7DD /* Models */ = {
			isa = PBXGroup;
			children = (
				D35CA081288878CD00D9FDF2 /* ModelControllers */,
				D3A6B9BF287E4FF400B105E7 /* Plant.swift */,
				D35C909B2884776800587FE8 /* Journal.swift */,
				D35C909D2884785000587FE8 /* Watering.swift */,
				D35C909F2884789A00587FE8 /* Fertilize.swift */,
				D35C90A1288478CF00587FE8 /* Note.swift */,
				D3328ADB2885EF9B002E3859 /* AddedDate.swift */,
			);
			path = Models;
			sourceTree = "<group>";
		};
		D35CA081288878CD00D9FDF2 /* ModelControllers */ = {
			isa = PBXGroup;
			children = (
				D35CA082288878DD00D9FDF2 /* PlantController.swift */,
			);
			path = ModelControllers;
			sourceTree = "<group>";
		};
		D3A6B95E287CADE500B105E7 = {
			isa = PBXGroup;
			children = (
				D3A6B969287CADE500B105E7 /* PlantCare */,
				D3A6B968287CADE500B105E7 /* Products */,
			);
			sourceTree = "<group>";
		};
		D3A6B968287CADE500B105E7 /* Products */ = {
			isa = PBXGroup;
			children = (
				D3A6B967287CADE500B105E7 /* PlantCare.app */,
			);
			name = Products;
			sourceTree = "<group>";
		};
		D3A6B969287CADE500B105E7 /* PlantCare */ = {
			isa = PBXGroup;
			children = (
				D3A6B96A287CADE500B105E7 /* PlantCareApp.swift */,
				D34956382880EB870022D7DD /* StaticPlant */,
				D3A6B978287CAE0600B105E7 /* VIews */,
				D3A6B97A287CAE2500B105E7 /* Extensions */,
				D3A6B9BB287E1C2400B105E7 /* Resources */,
				D3A6B970287CADE700B105E7 /* Preview Content */,
			);
			path = PlantCare;
			sourceTree = "<group>";
		};
		D3A6B970287CADE700B105E7 /* Preview Content */ = {
			isa = PBXGroup;
			children = (
				D3A6B971287CADE700B105E7 /* Preview Assets.xcassets */,
			);
			path = "Preview Content";
			sourceTree = "<group>";
		};
		D3A6B978287CAE0600B105E7 /* VIews */ = {
			isa = PBXGroup;
			children = (
				D3451BA82887881D00FA00CE /* InspirationView */,
				D3328AEC28867B5A002E3859 /* HelperViews */,
				D3A6B9BC287E2CE100B105E7 /* MyCollectionListViews */,
				D3328ADF2885F17F002E3859 /* Journal */,
				D349563A2880FB9E0022D7DD /* InfoView.swift */,
			);
			path = VIews;
			sourceTree = "<group>";
		};
		D3A6B97A287CAE2500B105E7 /* Extensions */ = {
			isa = PBXGroup;
			children = (
				D3537E6728820BBC00D64270 /* Date+Ext.swift */,
			);
			path = Extensions;
			sourceTree = "<group>";
		};
		D3A6B9BB287E1C2400B105E7 /* Resources */ = {
			isa = PBXGroup;
			children = (
				D3A6B96E287CADE700B105E7 /* Assets.xcassets */,
				D3A6B9BA287E19FA00B105E7 /* Info.plist */,
			);
			path = Resources;
			sourceTree = "<group>";
		};
		D3A6B9BC287E2CE100B105E7 /* MyCollectionListViews */ = {
			isa = PBXGroup;
			children = (
				D3A6B9B8287E0BB000B105E7 /* MyCollectionViewModel.swift */,
				D3A6B96C287CADE500B105E7 /* MyCollectionListView.swift */,
				D3A6B9D0287F945400B105E7 /* MyCollectionDetailView.swift */,
			);
			path = MyCollectionListViews;
			sourceTree = "<group>";
		};
		D3A6B9C1287E65E800B105E7 /* StaticPlantListViews */ = {
			isa = PBXGroup;
			children = (
				D3A6B9C2287E661D00B105E7 /* StaticPlantListView.swift */,
				D3A6B9C6287E676600B105E7 /* StaticPlantDetailView.swift */,
			);
			path = StaticPlantListViews;
			sourceTree = "<group>";
		};
/* End PBXGroup section */

/* Begin PBXNativeTarget section */
		D3A6B966287CADE500B105E7 /* PlantCare */ = {
			isa = PBXNativeTarget;
			buildConfigurationList = D3A6B975287CADE700B105E7 /* Build configuration list for PBXNativeTarget "PlantCare" */;
			buildPhases = (
				D3A6B963287CADE500B105E7 /* Sources */,
				D3A6B964287CADE500B105E7 /* Frameworks */,
				D3A6B965287CADE500B105E7 /* Resources */,
			);
			buildRules = (
			);
			dependencies = (
			);
			name = PlantCare;
			productName = PlantCare;
			productReference = D3A6B967287CADE500B105E7 /* PlantCare.app */;
			productType = "com.apple.product-type.application";
		};
/* End PBXNativeTarget section */

/* Begin PBXProject section */
		D3A6B95F287CADE500B105E7 /* Project object */ = {
			isa = PBXProject;
			attributes = {
				BuildIndependentTargetsInParallel = 1;
				LastSwiftUpdateCheck = 1340;
				LastUpgradeCheck = 1340;
				TargetAttributes = {
					D3A6B966287CADE500B105E7 = {
						CreatedOnToolsVersion = 13.4.1;
					};
				};
			};
			buildConfigurationList = D3A6B962287CADE500B105E7 /* Build configuration list for PBXProject "PlantCare" */;
			compatibilityVersion = "Xcode 13.0";
			developmentRegion = en;
			hasScannedForEncodings = 0;
			knownRegions = (
				en,
				Base,
			);
			mainGroup = D3A6B95E287CADE500B105E7;
			productRefGroup = D3A6B968287CADE500B105E7 /* Products */;
			projectDirPath = "";
			projectRoot = "";
			targets = (
				D3A6B966287CADE500B105E7 /* PlantCare */,
			);
		};
/* End PBXProject section */

/* Begin PBXResourcesBuildPhase section */
		D3A6B965287CADE500B105E7 /* Resources */ = {
			isa = PBXResourcesBuildPhase;
			buildActionMask = 2147483647;
			files = (
				D3A6B972287CADE700B105E7 /* Preview Assets.xcassets in Resources */,
				D3A6B96F287CADE700B105E7 /* Assets.xcassets in Resources */,
			);
			runOnlyForDeploymentPostprocessing = 0;
		};
/* End PBXResourcesBuildPhase section */

/* Begin PBXSourcesBuildPhase section */
		D3A6B963287CADE500B105E7 /* Sources */ = {
			isa = PBXSourcesBuildPhase;
			buildActionMask = 2147483647;
			files = (
				D3328AE12885F1AB002E3859 /* WateringViewModel.swift in Sources */,
				D3328AE928863CE5002E3859 /* JournalTabBar.swift in Sources */,
				D3A6B96D287CADE500B105E7 /* MyCollectionListView.swift in Sources */,
				D3A6B9D1287F945400B105E7 /* MyCollectionDetailView.swift in Sources */,
				D3537E6828820BBC00D64270 /* Date+Ext.swift in Sources */,
				D3A6B9C7287E676600B105E7 /* StaticPlantDetailView.swift in Sources */,
				D35C90A2288478CF00587FE8 /* Note.swift in Sources */,
				D3328ADE2885EFF2002E3859 /* JournalView.swift in Sources */,
				D35C90A02884789A00587FE8 /* Fertilize.swift in Sources */,
				D35C90A62884D78700587FE8 /* WaterDrop.swift in Sources */,
				D3328AE52885F750002E3859 /* AddedDateViewModel.swift in Sources */,
				D3451BAA2887885100FA00CE /* InspirationView.swift in Sources */,
				D344932A2889D919000C19F2 /* ImagePicker.swift in Sources */,
				D349563B2880FB9E0022D7DD /* InfoView.swift in Sources */,
				D3328ADC2885EF9B002E3859 /* AddedDate.swift in Sources */,
				D3A6B9C0287E4FF400B105E7 /* Plant.swift in Sources */,
				D3328AE32885F676002E3859 /* FertilizeViewModel.swift in Sources */,
				D35CA0852888BDEB00D9FDF2 /* Toxicity.swift in Sources */,
				D3328AEB28866F84002E3859 /* JournalViewModel.swift in Sources */,
				D35CA083288878DD00D9FDF2 /* PlantController.swift in Sources */,
				D35C90A42884CD9B00587FE8 /* FloatingMenu.swift in Sources */,
				D3537E7028825C6500D64270 /* TabBar.swift in Sources */,
				D3A6B97C287CAE4200B105E7 /* SplashPage.swift in Sources */,
				D3537E722882875300D64270 /* ContentView.swift in Sources */,
				D35C90A82884DCFE00587FE8 /* Sunshine.swift in Sources */,
				D3328AE72885FAC3002E3859 /* NoteViewModel.swift in Sources */,
				D35C909E2884785000587FE8 /* Watering.swift in Sources */,
				D35C909C2884776800587FE8 /* Journal.swift in Sources */,
				D3A6B9C3287E661D00B105E7 /* StaticPlantListView.swift in Sources */,
				D3A6B9B9287E0BB000B105E7 /* MyCollectionViewModel.swift in Sources */,
				D3A6B96B287CADE500B105E7 /* PlantCareApp.swift in Sources */,
			);
			runOnlyForDeploymentPostprocessing = 0;
		};
/* End PBXSourcesBuildPhase section */

/* Begin XCBuildConfiguration section */
		D3A6B973287CADE700B105E7 /* Debug */ = {
			isa = XCBuildConfiguration;
			buildSettings = {
				ALWAYS_SEARCH_USER_PATHS = NO;
				CLANG_ANALYZER_NONNULL = YES;
				CLANG_ANALYZER_NUMBER_OBJECT_CONVERSION = YES_AGGRESSIVE;
				CLANG_CXX_LANGUAGE_STANDARD = "gnu++17";
				CLANG_ENABLE_MODULES = YES;
				CLANG_ENABLE_OBJC_ARC = YES;
				CLANG_ENABLE_OBJC_WEAK = YES;
				CLANG_WARN_BLOCK_CAPTURE_AUTORELEASING = YES;
				CLANG_WARN_BOOL_CONVERSION = YES;
				CLANG_WARN_COMMA = YES;
				CLANG_WARN_CONSTANT_CONVERSION = YES;
				CLANG_WARN_DEPRECATED_OBJC_IMPLEMENTATIONS = YES;
				CLANG_WARN_DIRECT_OBJC_ISA_USAGE = YES_ERROR;
				CLANG_WARN_DOCUMENTATION_COMMENTS = YES;
				CLANG_WARN_EMPTY_BODY = YES;
				CLANG_WARN_ENUM_CONVERSION = YES;
				CLANG_WARN_INFINITE_RECURSION = YES;
				CLANG_WARN_INT_CONVERSION = YES;
				CLANG_WARN_NON_LITERAL_NULL_CONVERSION = YES;
				CLANG_WARN_OBJC_IMPLICIT_RETAIN_SELF = YES;
				CLANG_WARN_OBJC_LITERAL_CONVERSION = YES;
				CLANG_WARN_OBJC_ROOT_CLASS = YES_ERROR;
				CLANG_WARN_QUOTED_INCLUDE_IN_FRAMEWORK_HEADER = YES;
				CLANG_WARN_RANGE_LOOP_ANALYSIS = YES;
				CLANG_WARN_STRICT_PROTOTYPES = YES;
				CLANG_WARN_SUSPICIOUS_MOVE = YES;
				CLANG_WARN_UNGUARDED_AVAILABILITY = YES_AGGRESSIVE;
				CLANG_WARN_UNREACHABLE_CODE = YES;
				CLANG_WARN__DUPLICATE_METHOD_MATCH = YES;
				COPY_PHASE_STRIP = NO;
				DEBUG_INFORMATION_FORMAT = dwarf;
				ENABLE_STRICT_OBJC_MSGSEND = YES;
				ENABLE_TESTABILITY = YES;
				GCC_C_LANGUAGE_STANDARD = gnu11;
				GCC_DYNAMIC_NO_PIC = NO;
				GCC_NO_COMMON_BLOCKS = YES;
				GCC_OPTIMIZATION_LEVEL = 0;
				GCC_PREPROCESSOR_DEFINITIONS = (
					"DEBUG=1",
					"$(inherited)",
				);
				GCC_WARN_64_TO_32_BIT_CONVERSION = YES;
				GCC_WARN_ABOUT_RETURN_TYPE = YES_ERROR;
				GCC_WARN_UNDECLARED_SELECTOR = YES;
				GCC_WARN_UNINITIALIZED_AUTOS = YES_AGGRESSIVE;
				GCC_WARN_UNUSED_FUNCTION = YES;
				GCC_WARN_UNUSED_VARIABLE = YES;
				IPHONEOS_DEPLOYMENT_TARGET = 15.5;
				MTL_ENABLE_DEBUG_INFO = INCLUDE_SOURCE;
				MTL_FAST_MATH = YES;
				ONLY_ACTIVE_ARCH = YES;
				SDKROOT = iphoneos;
				SWIFT_ACTIVE_COMPILATION_CONDITIONS = DEBUG;
				SWIFT_OPTIMIZATION_LEVEL = "-Onone";
			};
			name = Debug;
		};
		D3A6B974287CADE700B105E7 /* Release */ = {
			isa = XCBuildConfiguration;
			buildSettings = {
				ALWAYS_SEARCH_USER_PATHS = NO;
				CLANG_ANALYZER_NONNULL = YES;
				CLANG_ANALYZER_NUMBER_OBJECT_CONVERSION = YES_AGGRESSIVE;
				CLANG_CXX_LANGUAGE_STANDARD = "gnu++17";
				CLANG_ENABLE_MODULES = YES;
				CLANG_ENABLE_OBJC_ARC = YES;
				CLANG_ENABLE_OBJC_WEAK = YES;
				CLANG_WARN_BLOCK_CAPTURE_AUTORELEASING = YES;
				CLANG_WARN_BOOL_CONVERSION = YES;
				CLANG_WARN_COMMA = YES;
				CLANG_WARN_CONSTANT_CONVERSION = YES;
				CLANG_WARN_DEPRECATED_OBJC_IMPLEMENTATIONS = YES;
				CLANG_WARN_DIRECT_OBJC_ISA_USAGE = YES_ERROR;
				CLANG_WARN_DOCUMENTATION_COMMENTS = YES;
				CLANG_WARN_EMPTY_BODY = YES;
				CLANG_WARN_ENUM_CONVERSION = YES;
				CLANG_WARN_INFINITE_RECURSION = YES;
				CLANG_WARN_INT_CONVERSION = YES;
				CLANG_WARN_NON_LITERAL_NULL_CONVERSION = YES;
				CLANG_WARN_OBJC_IMPLICIT_RETAIN_SELF = YES;
				CLANG_WARN_OBJC_LITERAL_CONVERSION = YES;
				CLANG_WARN_OBJC_ROOT_CLASS = YES_ERROR;
				CLANG_WARN_QUOTED_INCLUDE_IN_FRAMEWORK_HEADER = YES;
				CLANG_WARN_RANGE_LOOP_ANALYSIS = YES;
				CLANG_WARN_STRICT_PROTOTYPES = YES;
				CLANG_WARN_SUSPICIOUS_MOVE = YES;
				CLANG_WARN_UNGUARDED_AVAILABILITY = YES_AGGRESSIVE;
				CLANG_WARN_UNREACHABLE_CODE = YES;
				CLANG_WARN__DUPLICATE_METHOD_MATCH = YES;
				COPY_PHASE_STRIP = NO;
				DEBUG_INFORMATION_FORMAT = "dwarf-with-dsym";
				ENABLE_NS_ASSERTIONS = NO;
				ENABLE_STRICT_OBJC_MSGSEND = YES;
				GCC_C_LANGUAGE_STANDARD = gnu11;
				GCC_NO_COMMON_BLOCKS = YES;
				GCC_WARN_64_TO_32_BIT_CONVERSION = YES;
				GCC_WARN_ABOUT_RETURN_TYPE = YES_ERROR;
				GCC_WARN_UNDECLARED_SELECTOR = YES;
				GCC_WARN_UNINITIALIZED_AUTOS = YES_AGGRESSIVE;
				GCC_WARN_UNUSED_FUNCTION = YES;
				GCC_WARN_UNUSED_VARIABLE = YES;
				IPHONEOS_DEPLOYMENT_TARGET = 15.5;
				MTL_ENABLE_DEBUG_INFO = NO;
				MTL_FAST_MATH = YES;
				SDKROOT = iphoneos;
				SWIFT_COMPILATION_MODE = wholemodule;
				SWIFT_OPTIMIZATION_LEVEL = "-O";
				VALIDATE_PRODUCT = YES;
			};
			name = Release;
		};
		D3A6B976287CADE700B105E7 /* Debug */ = {
			isa = XCBuildConfiguration;
			buildSettings = {
				ASSETCATALOG_COMPILER_APPICON_NAME = AppIcon;
				ASSETCATALOG_COMPILER_GLOBAL_ACCENT_COLOR_NAME = AccentColor;
				CODE_SIGN_IDENTITY = "Apple Development";
				CODE_SIGN_STYLE = Automatic;
				CURRENT_PROJECT_VERSION = 1;
				DEVELOPMENT_ASSET_PATHS = "\"PlantCare/Preview Content\"";
				DEVELOPMENT_TEAM = TJJN6CB2K4;
				ENABLE_PREVIEWS = YES;
				GENERATE_INFOPLIST_FILE = YES;
				INFOPLIST_FILE = PlantCare/Resources/Info.plist;
				INFOPLIST_KEY_UIApplicationSceneManifest_Generation = YES;
				INFOPLIST_KEY_UIApplicationSupportsIndirectInputEvents = YES;
				INFOPLIST_KEY_UISupportedInterfaceOrientations_iPad = "UIInterfaceOrientationPortrait UIInterfaceOrientationPortraitUpsideDown UIInterfaceOrientationLandscapeLeft UIInterfaceOrientationLandscapeRight";
				INFOPLIST_KEY_UISupportedInterfaceOrientations_iPhone = "UIInterfaceOrientationPortrait UIInterfaceOrientationLandscapeLeft UIInterfaceOrientationLandscapeRight";
				LD_RUNPATH_SEARCH_PATHS = (
					"$(inherited)",
					"@executable_path/Frameworks",
				);
				MARKETING_VERSION = 1.0;
				PRODUCT_BUNDLE_IDENTIFIER = GongawareLaura.PlantCareApp;
				PRODUCT_NAME = "$(TARGET_NAME)";
				PROVISIONING_PROFILE_SPECIFIER = "";
				SWIFT_EMIT_LOC_STRINGS = YES;
				SWIFT_VERSION = 5.0;
				TARGETED_DEVICE_FAMILY = "1,2";
			};
			name = Debug;
		};
		D3A6B977287CADE700B105E7 /* Release */ = {
			isa = XCBuildConfiguration;
			buildSettings = {
				ASSETCATALOG_COMPILER_APPICON_NAME = AppIcon;
				ASSETCATALOG_COMPILER_GLOBAL_ACCENT_COLOR_NAME = AccentColor;
				CODE_SIGN_IDENTITY = "Apple Development";
				CODE_SIGN_STYLE = Automatic;
				CURRENT_PROJECT_VERSION = 1;
				DEVELOPMENT_ASSET_PATHS = "\"PlantCare/Preview Content\"";
				DEVELOPMENT_TEAM = TJJN6CB2K4;
				ENABLE_PREVIEWS = YES;
				GENERATE_INFOPLIST_FILE = YES;
				INFOPLIST_FILE = PlantCare/Resources/Info.plist;
				INFOPLIST_KEY_UIApplicationSceneManifest_Generation = YES;
				INFOPLIST_KEY_UIApplicationSupportsIndirectInputEvents = YES;
				INFOPLIST_KEY_UISupportedInterfaceOrientations_iPad = "UIInterfaceOrientationPortrait UIInterfaceOrientationPortraitUpsideDown UIInterfaceOrientationLandscapeLeft UIInterfaceOrientationLandscapeRight";
				INFOPLIST_KEY_UISupportedInterfaceOrientations_iPhone = "UIInterfaceOrientationPortrait UIInterfaceOrientationLandscapeLeft UIInterfaceOrientationLandscapeRight";
				LD_RUNPATH_SEARCH_PATHS = (
					"$(inherited)",
					"@executable_path/Frameworks",
				);
				MARKETING_VERSION = 1.0;
				PRODUCT_BUNDLE_IDENTIFIER = GongawareLaura.PlantCareApp;
				PRODUCT_NAME = "$(TARGET_NAME)";
				PROVISIONING_PROFILE_SPECIFIER = "";
				SWIFT_EMIT_LOC_STRINGS = YES;
				SWIFT_VERSION = 5.0;
				TARGETED_DEVICE_FAMILY = "1,2";
			};
			name = Release;
		};
/* End XCBuildConfiguration section */

/* Begin XCConfigurationList section */
		D3A6B962287CADE500B105E7 /* Build configuration list for PBXProject "PlantCare" */ = {
			isa = XCConfigurationList;
			buildConfigurations = (
				D3A6B973287CADE700B105E7 /* Debug */,
				D3A6B974287CADE700B105E7 /* Release */,
			);
			defaultConfigurationIsVisible = 0;
			defaultConfigurationName = Release;
		};
		D3A6B975287CADE700B105E7 /* Build configuration list for PBXNativeTarget "PlantCare" */ = {
			isa = XCConfigurationList;
			buildConfigurations = (
				D3A6B976287CADE700B105E7 /* Debug */,
				D3A6B977287CADE700B105E7 /* Release */,
			);
			defaultConfigurationIsVisible = 0;
			defaultConfigurationName = Release;
		};
/* End XCConfigurationList section */
	};
	rootObject = D3A6B95F287CADE500B105E7 /* Project object */;
}
