// !$*UTF8*$!
{
	archiveVersion = 1;
	classes = {
	};
	objectVersion = 55;
	objects = {

/* Begin PBXBuildFile section */
		D3A6B96B287CADE500B105E7 /* PlantCareApp.swift in Sources */ = {isa = PBXBuildFile; fileRef = D3A6B96A287CADE500B105E7 /* PlantCareApp.swift */; };
		D3A6B96D287CADE500B105E7 /* MyCollectionListView.swift in Sources */ = {isa = PBXBuildFile; fileRef = D3A6B96C287CADE500B105E7 /* MyCollectionListView.swift */; };
		D3A6B96F287CADE700B105E7 /* Assets.xcassets in Resources */ = {isa = PBXBuildFile; fileRef = D3A6B96E287CADE700B105E7 /* Assets.xcassets */; };
		D3A6B972287CADE700B105E7 /* Preview Assets.xcassets in Resources */ = {isa = PBXBuildFile; fileRef = D3A6B971287CADE700B105E7 /* Preview Assets.xcassets */; };
		D3A6B97C287CAE4200B105E7 /* SplashPage.swift in Sources */ = {isa = PBXBuildFile; fileRef = D3A6B97B287CAE4200B105E7 /* SplashPage.swift */; };
		D3A6B9B9287E0BB000B105E7 /* MyCollectionViewModel.swift in Sources */ = {isa = PBXBuildFile; fileRef = D3A6B9B8287E0BB000B105E7 /* MyCollectionViewModel.swift */; };
		D3A6B9BE287E4C9800B105E7 /* StaticPlantDataStore.swift in Sources */ = {isa = PBXBuildFile; fileRef = D3A6B9BD287E4C9800B105E7 /* StaticPlantDataStore.swift */; };
		D3A6B9C0287E4FF400B105E7 /* StaticPlant.swift in Sources */ = {isa = PBXBuildFile; fileRef = D3A6B9BF287E4FF400B105E7 /* StaticPlant.swift */; };
		D3A6B9C3287E661D00B105E7 /* StaticPlantListView.swift in Sources */ = {isa = PBXBuildFile; fileRef = D3A6B9C2287E661D00B105E7 /* StaticPlantListView.swift */; };
		D3A6B9C7287E676600B105E7 /* StaticPlantDetailView.swift in Sources */ = {isa = PBXBuildFile; fileRef = D3A6B9C6287E676600B105E7 /* StaticPlantDetailView.swift */; };
/* End PBXBuildFile section */

/* Begin PBXFileReference section */
		D3A6B967287CADE500B105E7 /* PlantCare.app */ = {isa = PBXFileReference; explicitFileType = wrapper.application; includeInIndex = 0; path = PlantCare.app; sourceTree = BUILT_PRODUCTS_DIR; };
		D3A6B96A287CADE500B105E7 /* PlantCareApp.swift */ = {isa = PBXFileReference; lastKnownFileType = sourcecode.swift; path = PlantCareApp.swift; sourceTree = "<group>"; };
		D3A6B96C287CADE500B105E7 /* MyCollectionListView.swift */ = {isa = PBXFileReference; lastKnownFileType = sourcecode.swift; path = MyCollectionListView.swift; sourceTree = "<group>"; };
		D3A6B96E287CADE700B105E7 /* Assets.xcassets */ = {isa = PBXFileReference; lastKnownFileType = folder.assetcatalog; path = Assets.xcassets; sourceTree = "<group>"; };
		D3A6B971287CADE700B105E7 /* Preview Assets.xcassets */ = {isa = PBXFileReference; lastKnownFileType = folder.assetcatalog; path = "Preview Assets.xcassets"; sourceTree = "<group>"; };
		D3A6B97B287CAE4200B105E7 /* SplashPage.swift */ = {isa = PBXFileReference; lastKnownFileType = sourcecode.swift; path = SplashPage.swift; sourceTree = "<group>"; };
		D3A6B9B8287E0BB000B105E7 /* MyCollectionViewModel.swift */ = {isa = PBXFileReference; lastKnownFileType = sourcecode.swift; path = MyCollectionViewModel.swift; sourceTree = "<group>"; };
		D3A6B9BA287E19FA00B105E7 /* Info.plist */ = {isa = PBXFileReference; lastKnownFileType = text.plist.xml; path = Info.plist; sourceTree = "<group>"; };
		D3A6B9BD287E4C9800B105E7 /* StaticPlantDataStore.swift */ = {isa = PBXFileReference; lastKnownFileType = sourcecode.swift; path = StaticPlantDataStore.swift; sourceTree = "<group>"; };
		D3A6B9BF287E4FF400B105E7 /* StaticPlant.swift */ = {isa = PBXFileReference; lastKnownFileType = sourcecode.swift; path = StaticPlant.swift; sourceTree = "<group>"; };
		D3A6B9C2287E661D00B105E7 /* StaticPlantListView.swift */ = {isa = PBXFileReference; lastKnownFileType = sourcecode.swift; path = StaticPlantListView.swift; sourceTree = "<group>"; };
		D3A6B9C6287E676600B105E7 /* StaticPlantDetailView.swift */ = {isa = PBXFileReference; lastKnownFileType = sourcecode.swift; path = StaticPlantDetailView.swift; sourceTree = "<group>"; };
/* End PBXFileReference section */

/* Begin PBXFrameworksBuildPhase section */
		D3A6B964287CADE500B105E7 /* Frameworks */ = {
			isa = PBXFrameworksBuildPhase;
			buildActionMask = 2147483647;
			files = (
			);
			runOnlyForDeploymentPostprocessing = 0;
		};
/* End PBXFrameworksBuildPhase section */

/* Begin PBXGroup section */
		D3A6B95E287CADE500B105E7 = {
			isa = PBXGroup;
			children = (
				D3A6B96A287CADE500B105E7 /* PlantCareApp.swift */,
				D3A6B969287CADE500B105E7 /* PlantCare */,
				D3A6B968287CADE500B105E7 /* Products */,
			);
			sourceTree = "<group>";
		};
		D3A6B968287CADE500B105E7 /* Products */ = {
			isa = PBXGroup;
			children = (
				D3A6B967287CADE500B105E7 /* PlantCare.app */,
			);
			name = Products;
			sourceTree = "<group>";
		};
		D3A6B969287CADE500B105E7 /* PlantCare */ = {
			isa = PBXGroup;
			children = (
				D3A6B97A287CAE2500B105E7 /* Extensions */,
				D3A6B979287CAE0A00B105E7 /* Models */,
				D3A6B978287CAE0600B105E7 /* VIews */,
				D3A6B9BB287E1C2400B105E7 /* Resources */,
				D3A6B970287CADE700B105E7 /* Preview Content */,
			);
			path = PlantCare;
			sourceTree = "<group>";
		};
		D3A6B970287CADE700B105E7 /* Preview Content */ = {
			isa = PBXGroup;
			children = (
				D3A6B971287CADE700B105E7 /* Preview Assets.xcassets */,
			);
			path = "Preview Content";
			sourceTree = "<group>";
		};
		D3A6B978287CAE0600B105E7 /* VIews */ = {
			isa = PBXGroup;
			children = (
				D3A6B97B287CAE4200B105E7 /* SplashPage.swift */,
				D3A6B9C1287E65E800B105E7 /* StaticPlantListViews */,
				D3A6B9BC287E2CE100B105E7 /* MyCollectionListViews */,
			);
			path = VIews;
			sourceTree = "<group>";
		};
		D3A6B979287CAE0A00B105E7 /* Models */ = {
			isa = PBXGroup;
			children = (
				D3A6B9BD287E4C9800B105E7 /* StaticPlantDataStore.swift */,
				D3A6B9BF287E4FF400B105E7 /* StaticPlant.swift */,
			);
			path = Models;
			sourceTree = "<group>";
		};
		D3A6B97A287CAE2500B105E7 /* Extensions */ = {
			isa = PBXGroup;
			children = (
			);
			path = Extensions;
			sourceTree = "<group>";
		};
		D3A6B9BB287E1C2400B105E7 /* Resources */ = {
			isa = PBXGroup;
			children = (
				D3A6B96E287CADE700B105E7 /* Assets.xcassets */,
				D3A6B9BA287E19FA00B105E7 /* Info.plist */,
			);
			path = Resources;
			sourceTree = "<group>";
		};
		D3A6B9BC287E2CE100B105E7 /* MyCollectionListViews */ = {
			isa = PBXGroup;
			children = (
				D3A6B9B8287E0BB000B105E7 /* MyCollectionViewModel.swift */,
				D3A6B96C287CADE500B105E7 /* MyCollectionListView.swift */,
			);
			path = MyCollectionListViews;
			sourceTree = "<group>";
		};
		D3A6B9C1287E65E800B105E7 /* StaticPlantListViews */ = {
			isa = PBXGroup;
			children = (
				D3A6B9C2287E661D00B105E7 /* StaticPlantListView.swift */,
				D3A6B9C6287E676600B105E7 /* StaticPlantDetailView.swift */,
			);
			path = StaticPlantListViews;
			sourceTree = "<group>";
		};
/* End PBXGroup section */

/* Begin PBXNativeTarget section */
		D3A6B966287CADE500B105E7 /* PlantCare */ = {
			isa = PBXNativeTarget;
			buildConfigurationList = D3A6B975287CADE700B105E7 /* Build configuration list for PBXNativeTarget "PlantCare" */;
			buildPhases = (
				D3A6B963287CADE500B105E7 /* Sources */,
				D3A6B964287CADE500B105E7 /* Frameworks */,
				D3A6B965287CADE500B105E7 /* Resources */,
			);
			buildRules = (
			);
			dependencies = (
			);
			name = PlantCare;
			productName = PlantCare;
			productReference = D3A6B967287CADE500B105E7 /* PlantCare.app */;
			productType = "com.apple.product-type.application";
		};
/* End PBXNativeTarget section */

/* Begin PBXProject section */
		D3A6B95F287CADE500B105E7 /* Project object */ = {
			isa = PBXProject;
			attributes = {
				BuildIndependentTargetsInParallel = 1;
				LastSwiftUpdateCheck = 1340;
				LastUpgradeCheck = 1340;
				TargetAttributes = {
					D3A6B966287CADE500B105E7 = {
						CreatedOnToolsVersion = 13.4.1;
					};
				};
			};
			buildConfigurationList = D3A6B962287CADE500B105E7 /* Build configuration list for PBXProject "PlantCare" */;
			compatibilityVersion = "Xcode 13.0";
			developmentRegion = en;
			hasScannedForEncodings = 0;
			knownRegions = (
				en,
				Base,
			);
			mainGroup = D3A6B95E287CADE500B105E7;
			productRefGroup = D3A6B968287CADE500B105E7 /* Products */;
			projectDirPath = "";
			projectRoot = "";
			targets = (
				D3A6B966287CADE500B105E7 /* PlantCare */,
			);
		};
/* End PBXProject section */

/* Begin PBXResourcesBuildPhase section */
		D3A6B965287CADE500B105E7 /* Resources */ = {
			isa = PBXResourcesBuildPhase;
			buildActionMask = 2147483647;
			files = (
				D3A6B972287CADE700B105E7 /* Preview Assets.xcassets in Resources */,
				D3A6B96F287CADE700B105E7 /* Assets.xcassets in Resources */,
			);
			runOnlyForDeploymentPostprocessing = 0;
		};
/* End PBXResourcesBuildPhase section */

/* Begin PBXSourcesBuildPhase section */
		D3A6B963287CADE500B105E7 /* Sources */ = {
			isa = PBXSourcesBuildPhase;
			buildActionMask = 2147483647;
			files = (
				D3A6B96D287CADE500B105E7 /* MyCollectionListView.swift in Sources */,
				D3A6B9C7287E676600B105E7 /* StaticPlantDetailView.swift in Sources */,
				D3A6B9C0287E4FF400B105E7 /* StaticPlant.swift in Sources */,
				D3A6B9BE287E4C9800B105E7 /* StaticPlantDataStore.swift in Sources */,
				D3A6B97C287CAE4200B105E7 /* SplashPage.swift in Sources */,
				D3A6B9C3287E661D00B105E7 /* StaticPlantListView.swift in Sources */,
				D3A6B9B9287E0BB000B105E7 /* MyCollectionViewModel.swift in Sources */,
				D3A6B96B287CADE500B105E7 /* PlantCareApp.swift in Sources */,
			);
			runOnlyForDeploymentPostprocessing = 0;
		};
/* End PBXSourcesBuildPhase section */

/* Begin XCBuildConfiguration section */
		D3A6B973287CADE700B105E7 /* Debug */ = {
			isa = XCBuildConfiguration;
			buildSettings = {
				ALWAYS_SEARCH_USER_PATHS = NO;
				CLANG_ANALYZER_NONNULL = YES;
				CLANG_ANALYZER_NUMBER_OBJECT_CONVERSION = YES_AGGRESSIVE;
				CLANG_CXX_LANGUAGE_STANDARD = "gnu++17";
				CLANG_ENABLE_MODULES = YES;
				CLANG_ENABLE_OBJC_ARC = YES;
				CLANG_ENABLE_OBJC_WEAK = YES;
				CLANG_WARN_BLOCK_CAPTURE_AUTORELEASING = YES;
				CLANG_WARN_BOOL_CONVERSION = YES;
				CLANG_WARN_COMMA = YES;
				CLANG_WARN_CONSTANT_CONVERSION = YES;
				CLANG_WARN_DEPRECATED_OBJC_IMPLEMENTATIONS = YES;
				CLANG_WARN_DIRECT_OBJC_ISA_USAGE = YES_ERROR;
				CLANG_WARN_DOCUMENTATION_COMMENTS = YES;
				CLANG_WARN_EMPTY_BODY = YES;
				CLANG_WARN_ENUM_CONVERSION = YES;
				CLANG_WARN_INFINITE_RECURSION = YES;
				CLANG_WARN_INT_CONVERSION = YES;
				CLANG_WARN_NON_LITERAL_NULL_CONVERSION = YES;
				CLANG_WARN_OBJC_IMPLICIT_RETAIN_SELF = YES;
				CLANG_WARN_OBJC_LITERAL_CONVERSION = YES;
				CLANG_WARN_OBJC_ROOT_CLASS = YES_ERROR;
				CLANG_WARN_QUOTED_INCLUDE_IN_FRAMEWORK_HEADER = YES;
				CLANG_WARN_RANGE_LOOP_ANALYSIS = YES;
				CLANG_WARN_STRICT_PROTOTYPES = YES;
				CLANG_WARN_SUSPICIOUS_MOVE = YES;
				CLANG_WARN_UNGUARDED_AVAILABILITY = YES_AGGRESSIVE;
				CLANG_WARN_UNREACHABLE_CODE = YES;
				CLANG_WARN__DUPLICATE_METHOD_MATCH = YES;
				COPY_PHASE_STRIP = NO;
				DEBUG_INFORMATION_FORMAT = dwarf;
				ENABLE_STRICT_OBJC_MSGSEND = YES;
				ENABLE_TESTABILITY = YES;
				GCC_C_LANGUAGE_STANDARD = gnu11;
				GCC_DYNAMIC_NO_PIC = NO;
				GCC_NO_COMMON_BLOCKS = YES;
				GCC_OPTIMIZATION_LEVEL = 0;
				GCC_PREPROCESSOR_DEFINITIONS = (
					"DEBUG=1",
					"$(inherited)",
				);
				GCC_WARN_64_TO_32_BIT_CONVERSION = YES;
				GCC_WARN_ABOUT_RETURN_TYPE = YES_ERROR;
				GCC_WARN_UNDECLARED_SELECTOR = YES;
				GCC_WARN_UNINITIALIZED_AUTOS = YES_AGGRESSIVE;
				GCC_WARN_UNUSED_FUNCTION = YES;
				GCC_WARN_UNUSED_VARIABLE = YES;
				IPHONEOS_DEPLOYMENT_TARGET = 15.5;
				MTL_ENABLE_DEBUG_INFO = INCLUDE_SOURCE;
				MTL_FAST_MATH = YES;
				ONLY_ACTIVE_ARCH = YES;
				SDKROOT = iphoneos;
				SWIFT_ACTIVE_COMPILATION_CONDITIONS = DEBUG;
				SWIFT_OPTIMIZATION_LEVEL = "-Onone";
			};
			name = Debug;
		};
		D3A6B974287CADE700B105E7 /* Release */ = {
			isa = XCBuildConfiguration;
			buildSettings = {
				ALWAYS_SEARCH_USER_PATHS = NO;
				CLANG_ANALYZER_NONNULL = YES;
				CLANG_ANALYZER_NUMBER_OBJECT_CONVERSION = YES_AGGRESSIVE;
				CLANG_CXX_LANGUAGE_STANDARD = "gnu++17";
				CLANG_ENABLE_MODULES = YES;
				CLANG_ENABLE_OBJC_ARC = YES;
				CLANG_ENABLE_OBJC_WEAK = YES;
				CLANG_WARN_BLOCK_CAPTURE_AUTORELEASING = YES;
				CLANG_WARN_BOOL_CONVERSION = YES;
				CLANG_WARN_COMMA = YES;
				CLANG_WARN_CONSTANT_CONVERSION = YES;
				CLANG_WARN_DEPRECATED_OBJC_IMPLEMENTATIONS = YES;
				CLANG_WARN_DIRECT_OBJC_ISA_USAGE = YES_ERROR;
				CLANG_WARN_DOCUMENTATION_COMMENTS = YES;
				CLANG_WARN_EMPTY_BODY = YES;
				CLANG_WARN_ENUM_CONVERSION = YES;
				CLANG_WARN_INFINITE_RECURSION = YES;
				CLANG_WARN_INT_CONVERSION = YES;
				CLANG_WARN_NON_LITERAL_NULL_CONVERSION = YES;
				CLANG_WARN_OBJC_IMPLICIT_RETAIN_SELF = YES;
				CLANG_WARN_OBJC_LITERAL_CONVERSION = YES;
				CLANG_WARN_OBJC_ROOT_CLASS = YES_ERROR;
				CLANG_WARN_QUOTED_INCLUDE_IN_FRAMEWORK_HEADER = YES;
				CLANG_WARN_RANGE_LOOP_ANALYSIS = YES;
				CLANG_WARN_STRICT_PROTOTYPES = YES;
				CLANG_WARN_SUSPICIOUS_MOVE = YES;
				CLANG_WARN_UNGUARDED_AVAILABILITY = YES_AGGRESSIVE;
				CLANG_WARN_UNREACHABLE_CODE = YES;
				CLANG_WARN__DUPLICATE_METHOD_MATCH = YES;
				COPY_PHASE_STRIP = NO;
				DEBUG_INFORMATION_FORMAT = "dwarf-with-dsym";
				ENABLE_NS_ASSERTIONS = NO;
				ENABLE_STRICT_OBJC_MSGSEND = YES;
				GCC_C_LANGUAGE_STANDARD = gnu11;
				GCC_NO_COMMON_BLOCKS = YES;
				GCC_WARN_64_TO_32_BIT_CONVERSION = YES;
				GCC_WARN_ABOUT_RETURN_TYPE = YES_ERROR;
				GCC_WARN_UNDECLARED_SELECTOR = YES;
				GCC_WARN_UNINITIALIZED_AUTOS = YES_AGGRESSIVE;
				GCC_WARN_UNUSED_FUNCTION = YES;
				GCC_WARN_UNUSED_VARIABLE = YES;
				IPHONEOS_DEPLOYMENT_TARGET = 15.5;
				MTL_ENABLE_DEBUG_INFO = NO;
				MTL_FAST_MATH = YES;
				SDKROOT = iphoneos;
				SWIFT_COMPILATION_MODE = wholemodule;
				SWIFT_OPTIMIZATION_LEVEL = "-O";
				VALIDATE_PRODUCT = YES;
			};
			name = Release;
		};
		D3A6B976287CADE700B105E7 /* Debug */ = {
			isa = XCBuildConfiguration;
			buildSettings = {
				ASSETCATALOG_COMPILER_APPICON_NAME = AppIcon;
				ASSETCATALOG_COMPILER_GLOBAL_ACCENT_COLOR_NAME = AccentColor;
				CODE_SIGN_STYLE = Automatic;
				CURRENT_PROJECT_VERSION = 1;
				DEVELOPMENT_ASSET_PATHS = "\"PlantCare/Preview Content\"";
				DEVELOPMENT_TEAM = TJJN6CB2K4;
				ENABLE_PREVIEWS = YES;
				GENERATE_INFOPLIST_FILE = YES;
				INFOPLIST_FILE = PlantCare/Resources/Info.plist;
				INFOPLIST_KEY_UIApplicationSceneManifest_Generation = YES;
				INFOPLIST_KEY_UIApplicationSupportsIndirectInputEvents = YES;
				INFOPLIST_KEY_UISupportedInterfaceOrientations_iPad = "UIInterfaceOrientationPortrait UIInterfaceOrientationPortraitUpsideDown UIInterfaceOrientationLandscapeLeft UIInterfaceOrientationLandscapeRight";
				INFOPLIST_KEY_UISupportedInterfaceOrientations_iPhone = "UIInterfaceOrientationPortrait UIInterfaceOrientationLandscapeLeft UIInterfaceOrientationLandscapeRight";
				LD_RUNPATH_SEARCH_PATHS = (
					"$(inherited)",
					"@executable_path/Frameworks",
				);
				MARKETING_VERSION = 1.0;
				PRODUCT_BUNDLE_IDENTIFIER = GongawareLaura.PlantCare;
				PRODUCT_NAME = "$(TARGET_NAME)";
				SWIFT_EMIT_LOC_STRINGS = YES;
				SWIFT_VERSION = 5.0;
				TARGETED_DEVICE_FAMILY = "1,2";
			};
			name = Debug;
		};
		D3A6B977287CADE700B105E7 /* Release */ = {
			isa = XCBuildConfiguration;
			buildSettings = {
				ASSETCATALOG_COMPILER_APPICON_NAME = AppIcon;
				ASSETCATALOG_COMPILER_GLOBAL_ACCENT_COLOR_NAME = AccentColor;
				CODE_SIGN_STYLE = Automatic;
				CURRENT_PROJECT_VERSION = 1;
				DEVELOPMENT_ASSET_PATHS = "\"PlantCare/Preview Content\"";
				DEVELOPMENT_TEAM = TJJN6CB2K4;
				ENABLE_PREVIEWS = YES;
				GENERATE_INFOPLIST_FILE = YES;
				INFOPLIST_FILE = PlantCare/Resources/Info.plist;
				INFOPLIST_KEY_UIApplicationSceneManifest_Generation = YES;
				INFOPLIST_KEY_UIApplicationSupportsIndirectInputEvents = YES;
				INFOPLIST_KEY_UISupportedInterfaceOrientations_iPad = "UIInterfaceOrientationPortrait UIInterfaceOrientationPortraitUpsideDown UIInterfaceOrientationLandscapeLeft UIInterfaceOrientationLandscapeRight";
				INFOPLIST_KEY_UISupportedInterfaceOrientations_iPhone = "UIInterfaceOrientationPortrait UIInterfaceOrientationLandscapeLeft UIInterfaceOrientationLandscapeRight";
				LD_RUNPATH_SEARCH_PATHS = (
					"$(inherited)",
					"@executable_path/Frameworks",
				);
				MARKETING_VERSION = 1.0;
				PRODUCT_BUNDLE_IDENTIFIER = GongawareLaura.PlantCare;
				PRODUCT_NAME = "$(TARGET_NAME)";
				SWIFT_EMIT_LOC_STRINGS = YES;
				SWIFT_VERSION = 5.0;
				TARGETED_DEVICE_FAMILY = "1,2";
			};
			name = Release;
		};
/* End XCBuildConfiguration section */

/* Begin XCConfigurationList section */
		D3A6B962287CADE500B105E7 /* Build configuration list for PBXProject "PlantCare" */ = {
			isa = XCConfigurationList;
			buildConfigurations = (
				D3A6B973287CADE700B105E7 /* Debug */,
				D3A6B974287CADE700B105E7 /* Release */,
			);
			defaultConfigurationIsVisible = 0;
			defaultConfigurationName = Release;
		};
		D3A6B975287CADE700B105E7 /* Build configuration list for PBXNativeTarget "PlantCare" */ = {
			isa = XCConfigurationList;
			buildConfigurations = (
				D3A6B976287CADE700B105E7 /* Debug */,
				D3A6B977287CADE700B105E7 /* Release */,
			);
			defaultConfigurationIsVisible = 0;
			defaultConfigurationName = Release;
		};
/* End XCConfigurationList section */
	};
	rootObject = D3A6B95F287CADE500B105E7 /* Project object */;
}
